
Microsoft Visual Studio Solution File, Format Version 12.00
# Visual Studio Version 17
VisualStudioVersion = 17.7.34221.43
MinimumVisualStudioVersion = 10.0.40219.1
Project("{FAE04EC0-301F-11D3-BF4B-00C04F79EFBC}") = "CostumerPrueba", "CostumerPrueba.csproj", "{C2A10DFA-B5A6-42B3-A2DE-254218A6149B}"
EndProject
Global
	GlobalSection(SolutionConfigurationPlatforms) = preSolution
		Debug|Any CPU = Debug|Any CPU
		Release|Any CPU = Release|Any CPU
	EndGlobalSection
	GlobalSection(ProjectConfigurationPlatforms) = postSolution
		{C2A10DFA-B5A6-42B3-A2DE-254218A6149B}.Debug|Any CPU.ActiveCfg = Debug|Any CPU
		{C2A10DFA-B5A6-42B3-A2DE-254218A6149B}.Debug|Any CPU.Build.0 = Debug|Any CPU
		{C2A10DFA-B5A6-42B3-A2DE-254218A6149B}.Release|Any CPU.ActiveCfg = Release|Any CPU
		{C2A10DFA-B5A6-42B3-A2DE-254218A6149B}.Release|Any CPU.Build.0 = Release|Any CPU
	EndGlobalSection
	GlobalSection(SolutionProperties) = preSolution
		HideSolutionNode = FALSE
	EndGlobalSection
	GlobalSection(ExtensibilityGlobals) = postSolution
		SolutionGuid = {A9CE39C6-2390-4E97-8306-3860C7716B2D}
	EndGlobalSection
EndGlobal
